# This file is automatically @generated by Poetry 1.5.1 and should not be changed by hand.

[[package]]
name = "attrs"
version = "23.1.0"
description = "Classes Without Boilerplate"
optional = false
python-versions = ">=3.7"
files = [
    {file = "attrs-23.1.0-py3-none-any.whl", hash = "sha256:1f28b4522cdc2fb4256ac1a020c78acf9cba2c6b461ccd2c126f3aa8e8335d04"},
    {file = "attrs-23.1.0.tar.gz", hash = "sha256:6279836d581513a26f1bf235f9acd333bc9115683f14f7e8fae46c98fc50e015"},
]

[package.extras]
cov = ["attrs[tests]", "coverage[toml] (>=5.3)"]
dev = ["attrs[docs,tests]", "pre-commit"]
docs = ["furo", "myst-parser", "sphinx", "sphinx-notfound-page", "sphinxcontrib-towncrier", "towncrier", "zope-interface"]
tests = ["attrs[tests-no-zope]", "zope-interface"]
tests-no-zope = ["cloudpickle", "hypothesis", "mypy (>=1.1.1)", "pympler", "pytest (>=4.3.0)", "pytest-mypy-plugins", "pytest-xdist[psutil]"]

[[package]]
name = "cattrs"
version = "23.1.2"
description = "Composable complex class support for attrs and dataclasses."
optional = false
python-versions = ">=3.7"
files = [
    {file = "cattrs-23.1.2-py3-none-any.whl", hash = "sha256:b2bb14311ac17bed0d58785e5a60f022e5431aca3932e3fc5cc8ed8639de50a4"},
    {file = "cattrs-23.1.2.tar.gz", hash = "sha256:db1c821b8c537382b2c7c66678c3790091ca0275ac486c76f3c8f3920e83c657"},
]

[package.dependencies]
attrs = ">=20"

[package.extras]
bson = ["pymongo (>=4.2.0,<5.0.0)"]
cbor2 = ["cbor2 (>=5.4.6,<6.0.0)"]
msgpack = ["msgpack (>=1.0.2,<2.0.0)"]
orjson = ["orjson (>=3.5.2,<4.0.0)"]
pyyaml = ["PyYAML (>=6.0,<7.0)"]
tomlkit = ["tomlkit (>=0.11.4,<0.12.0)"]
ujson = ["ujson (>=5.4.0,<6.0.0)"]

[[package]]
name = "crossplane"
version = "0.5.8"
description = "Reliable and fast NGINX configuration file parser."
optional = false
python-versions = "*"
files = [
    {file = "crossplane-0.5.8-py2.py3-none-any.whl", hash = "sha256:ede8e83c9e3a58dfc37c69f5ee065d4b3adc44ae42749ced496962a0e7f545b7"},
    {file = "crossplane-0.5.8.tar.gz", hash = "sha256:b193bd8b963a041d5414ea18dcbb1c55b5424fee3d73bfa1809124605b322101"},
]

[[package]]
name = "lsprotocol"
version = "2023.0.0a1"
description = "Python implementation of the Language Server Protocol."
optional = false
python-versions = ">=3.7"
files = [
    {file = "lsprotocol-2023.0.0a1-py3-none-any.whl", hash = "sha256:133c339a7cccb299a5b357f9b8ef6aebe27616e0daf4ba54e63476afe0e12e47"},
    {file = "lsprotocol-2023.0.0a1.tar.gz", hash = "sha256:32edfd4856abba1349bf5a070567445b3d7286951afba3644b472629796f82d0"},
]

[package.dependencies]
attrs = "*"
cattrs = "*"

[[package]]
name = "pygls"
version = "1.0.2"
description = "a pythonic generic language server (pronounced like \"pie glass\")."
optional = false
python-versions = "<4,>=3.7"
files = [
    {file = "pygls-1.0.2-py3-none-any.whl", hash = "sha256:6d278d29fa6559b0f7a448263c85cb64ec6e9369548b02f1a7944060848b21f9"},
    {file = "pygls-1.0.2.tar.gz", hash = "sha256:888ed63d1f650b4fc64d603d73d37545386ec533c0caac921aed80f80ea946a4"},
]

[package.dependencies]
lsprotocol = "*"
typeguard = ">=3,<4"

[package.extras]
dev = ["bandit (==1.7.4)", "flake8 (==4.0.1)", "mypy (==0.961)"]
docs = ["sphinx (==5.0.1)", "sphinx-rtd-theme (==1.0.0)"]
test = ["pytest (==7.1.2)", "pytest-asyncio (==0.18.3)"]
ws = ["websockets (==10.*)"]

[[package]]
name = "typeguard"
version = "3.0.2"
description = "Run-time type checker for Python"
optional = false
python-versions = ">=3.7.4"
files = [
    {file = "typeguard-3.0.2-py3-none-any.whl", hash = "sha256:bbe993854385284ab42fd5bd3bee6f6556577ce8b50696d6cb956d704f286c8e"},
    {file = "typeguard-3.0.2.tar.gz", hash = "sha256:fee5297fdb28f8e9efcb8142b5ee219e02375509cd77ea9d270b5af826358d5a"},
]

[package.extras]
doc = ["packaging", "sphinx-autodoc-typehints (>=1.2.0)", "sphinx-rtd-theme"]
test = ["mypy (>=0.991)", "pytest (>=7)"]

[[package]]
name = "unginxed"
version = "0.1.0"
description = ""
optional = false
python-versions = "^3.10"
files = []
develop = false

[package.dependencies]
crossplane = "^0.5.8"

[package.source]
type = "directory"
url = "../uNGINXed"

[metadata]
lock-version = "2.0"
python-versions = "^3.11"
content-hash = "60e57293ce5e460263b6f9739d16cade17d291afcf9a119240e38149c08a43b0"
